
Microsoft Visual Studio Solution File, Format Version 12.00
# Visual Studio 2013
VisualStudioVersion = 12.0.31101.0
MinimumVisualStudioVersion = 10.0.40219.1
Project("{FAE04EC0-301F-11D3-BF4B-00C04F79EFBC}") = "Reporting.UI", "Reporting.UI\Reporting.UI.csproj", "{CC6483F7-5468-402D-9452-48B428D13F49}"
	ProjectSection(ProjectDependencies) = postProject
		{F0D5BA7D-BDAA-472C-A3CC-982306AE2428} = {F0D5BA7D-BDAA-472C-A3CC-982306AE2428}
	EndProjectSection
EndProject
Project("{FAE04EC0-301F-11D3-BF4B-00C04F79EFBC}") = "Reporting.Shared", "Reporting.Shared\Reporting.Shared.csproj", "{02212F0C-5DD9-417E-8BAD-FBFF5B0EF0EB}"
EndProject
Project("{FAE04EC0-301F-11D3-BF4B-00C04F79EFBC}") = "Reporting.Server", "Reporting.Server\Reporting.Server.csproj", "{F0D5BA7D-BDAA-472C-A3CC-982306AE2428}"
EndProject
Project("{2150E333-8FDC-42A3-9474-1A3956D46DE8}") = "Solution Items", "Solution Items", "{00898999-CE98-47F0-92A0-AE681EE26877}"
	ProjectSection(SolutionItems) = preProject
		README.md = README.md
	EndProjectSection
EndProject
Global
	GlobalSection(SolutionConfigurationPlatforms) = preSolution
		Debug|Any CPU = Debug|Any CPU
		Release|Any CPU = Release|Any CPU
	EndGlobalSection
	GlobalSection(ProjectConfigurationPlatforms) = postSolution
		{CC6483F7-5468-402D-9452-48B428D13F49}.Debug|Any CPU.ActiveCfg = Debug|Any CPU
		{CC6483F7-5468-402D-9452-48B428D13F49}.Debug|Any CPU.Build.0 = Debug|Any CPU
		{CC6483F7-5468-402D-9452-48B428D13F49}.Release|Any CPU.ActiveCfg = Release|Any CPU
		{CC6483F7-5468-402D-9452-48B428D13F49}.Release|Any CPU.Build.0 = Release|Any CPU
		{02212F0C-5DD9-417E-8BAD-FBFF5B0EF0EB}.Debug|Any CPU.ActiveCfg = Debug|Any CPU
		{02212F0C-5DD9-417E-8BAD-FBFF5B0EF0EB}.Debug|Any CPU.Build.0 = Debug|Any CPU
		{02212F0C-5DD9-417E-8BAD-FBFF5B0EF0EB}.Release|Any CPU.ActiveCfg = Release|Any CPU
		{02212F0C-5DD9-417E-8BAD-FBFF5B0EF0EB}.Release|Any CPU.Build.0 = Release|Any CPU
		{F0D5BA7D-BDAA-472C-A3CC-982306AE2428}.Debug|Any CPU.ActiveCfg = Debug|Any CPU
		{F0D5BA7D-BDAA-472C-A3CC-982306AE2428}.Debug|Any CPU.Build.0 = Debug|Any CPU
		{F0D5BA7D-BDAA-472C-A3CC-982306AE2428}.Release|Any CPU.ActiveCfg = Release|Any CPU
		{F0D5BA7D-BDAA-472C-A3CC-982306AE2428}.Release|Any CPU.Build.0 = Release|Any CPU
	EndGlobalSection
	GlobalSection(SolutionProperties) = preSolution
		HideSolutionNode = FALSE
	EndGlobalSection
EndGlobal
